Microsoft Visual Studio Solution File, Format Version 9.00
# Visual Studio 2005
Project("{8BC9CEB8-8B4A-11D0-8D11-00A0C91BC942}") = "HTKLib", "HTKLib\HTKLib.vcproj", "{2E8E45DC-964E-4FAB-AFEC-C51E48893BED}"
EndProject
Project("{8BC9CEB8-8B4A-11D0-8D11-00A0C91BC942}") = "HThreadTest", "HTKLib\HThreadTest\HThreadTest.vcproj", "{EBDBB797-1F7D-4779-9569-6E0EB6A5D285}"
	ProjectSection(ProjectDependencies) = postProject
		{2E8E45DC-964E-4FAB-AFEC-C51E48893BED} = {2E8E45DC-964E-4FAB-AFEC-C51E48893BED}
	EndProjectSection
EndProject
Project("{8BC9CEB8-8B4A-11D0-8D11-00A0C91BC942}") = "HGrafTest", "HTKLib\HGrafTest\HGrafTest.vcproj", "{A5354E71-83D9-45A3-BB40-6D826B7D8AD0}"
	ProjectSection(ProjectDependencies) = postProject
		{2E8E45DC-964E-4FAB-AFEC-C51E48893BED} = {2E8E45DC-964E-4FAB-AFEC-C51E48893BED}
	EndProjectSection
EndProject
Project("{8BC9CEB8-8B4A-11D0-8D11-00A0C91BC942}") = "HNetTest", "HTKLib\HNetTest\HNetTest.vcproj", "{1EB2398E-AB2C-46CF-9239-66FE199DE5BF}"
	ProjectSection(ProjectDependencies) = postProject
		{2E8E45DC-964E-4FAB-AFEC-C51E48893BED} = {2E8E45DC-964E-4FAB-AFEC-C51E48893BED}
	EndProjectSection
EndProject
Project("{8BC9CEB8-8B4A-11D0-8D11-00A0C91BC942}") = "HMathTest", "HTKLib\HMathTest\HMathTest.vcproj", "{E43F2831-9A83-4D7D-AD4D-E66102D30DF7}"
	ProjectSection(ProjectDependencies) = postProject
		{2E8E45DC-964E-4FAB-AFEC-C51E48893BED} = {2E8E45DC-964E-4FAB-AFEC-C51E48893BED}
	EndProjectSection
EndProject
Project("{8BC9CEB8-8B4A-11D0-8D11-00A0C91BC942}") = "ATKLib", "ATKLib\ATKLib.vcproj", "{0FD117DB-0188-4CB1-B965-3D88FA332161}"
EndProject
Project("{8BC9CEB8-8B4A-11D0-8D11-00A0C91BC942}") = "SYNLib", "SYNLib\SYNLib.vcproj", "{04E1F3C0-DE76-4B24-9AC7-B39514A8884F}"
EndProject
Project("{8BC9CEB8-8B4A-11D0-8D11-00A0C91BC942}") = "US_English", "US_English\US_English.vcproj", "{50D77F1F-64C5-4647-A83F-CDEA46776961}"
EndProject
Project("{8BC9CEB8-8B4A-11D0-8D11-00A0C91BC942}") = "CMU_US_KAL16", "CMU_US_KAL16\CMU_US_KAL16.vcproj", "{8E872EA6-31C6-4B55-A07F-FFC68AA90263}"
EndProject
Project("{8BC9CEB8-8B4A-11D0-8D11-00A0C91BC942}") = "CMU_Lexicon", "CMU_Lexicon\CMU_Lexicon.vcproj", "{E965D6F3-6BCD-4C1A-8001-3ED7F2D023B1}"
EndProject
Project("{8BC9CEB8-8B4A-11D0-8D11-00A0C91BC942}") = "TBase", "ATKLib\TBase\TBase.vcproj", "{4F4796A4-F62E-48AC-BD72-7DA40A5B0AFF}"
	ProjectSection(ProjectDependencies) = postProject
		{0FD117DB-0188-4CB1-B965-3D88FA332161} = {0FD117DB-0188-4CB1-B965-3D88FA332161}
		{2E8E45DC-964E-4FAB-AFEC-C51E48893BED} = {2E8E45DC-964E-4FAB-AFEC-C51E48893BED}
	EndProjectSection
EndProject
Project("{8BC9CEB8-8B4A-11D0-8D11-00A0C91BC942}") = "TSource", "ATKLib\TSource\TSource.vcproj", "{C1E7C68A-A2E4-448D-91B4-252D61FCF837}"
	ProjectSection(ProjectDependencies) = postProject
		{0FD117DB-0188-4CB1-B965-3D88FA332161} = {0FD117DB-0188-4CB1-B965-3D88FA332161}
		{2E8E45DC-964E-4FAB-AFEC-C51E48893BED} = {2E8E45DC-964E-4FAB-AFEC-C51E48893BED}
	EndProjectSection
EndProject
Project("{8BC9CEB8-8B4A-11D0-8D11-00A0C91BC942}") = "TRec", "ATKLib\TRec\TRec.vcproj", "{FF494739-43FF-488D-8D8A-11F362806D9A}"
	ProjectSection(ProjectDependencies) = postProject
		{0FD117DB-0188-4CB1-B965-3D88FA332161} = {0FD117DB-0188-4CB1-B965-3D88FA332161}
		{2E8E45DC-964E-4FAB-AFEC-C51E48893BED} = {2E8E45DC-964E-4FAB-AFEC-C51E48893BED}
	EndProjectSection
EndProject
Project("{8BC9CEB8-8B4A-11D0-8D11-00A0C91BC942}") = "TCode", "ATKLib\TCode\TCode.vcproj", "{A186B11C-C716-443E-9B43-6DA9B021F872}"
	ProjectSection(ProjectDependencies) = postProject
		{0FD117DB-0188-4CB1-B965-3D88FA332161} = {0FD117DB-0188-4CB1-B965-3D88FA332161}
		{2E8E45DC-964E-4FAB-AFEC-C51E48893BED} = {2E8E45DC-964E-4FAB-AFEC-C51E48893BED}
	EndProjectSection
EndProject
Project("{8BC9CEB8-8B4A-11D0-8D11-00A0C91BC942}") = "TSyn", "ATKLib\TSyn\TSyn.vcproj", "{B8D21FCC-0BCA-427A-917D-437077ED64C2}"
	ProjectSection(ProjectDependencies) = postProject
		{50D77F1F-64C5-4647-A83F-CDEA46776961} = {50D77F1F-64C5-4647-A83F-CDEA46776961}
		{8E872EA6-31C6-4B55-A07F-FFC68AA90263} = {8E872EA6-31C6-4B55-A07F-FFC68AA90263}
		{04E1F3C0-DE76-4B24-9AC7-B39514A8884F} = {04E1F3C0-DE76-4B24-9AC7-B39514A8884F}
		{0FD117DB-0188-4CB1-B965-3D88FA332161} = {0FD117DB-0188-4CB1-B965-3D88FA332161}
		{2E8E45DC-964E-4FAB-AFEC-C51E48893BED} = {2E8E45DC-964E-4FAB-AFEC-C51E48893BED}
		{E965D6F3-6BCD-4C1A-8001-3ED7F2D023B1} = {E965D6F3-6BCD-4C1A-8001-3ED7F2D023B1}
	EndProjectSection
EndProject
Project("{8BC9CEB8-8B4A-11D0-8D11-00A0C91BC942}") = "TIO", "ATKLib\TIO\TIO.vcproj", "{A06FFC0F-28AC-4B52-ABDC-8D909EFC3D73}"
	ProjectSection(ProjectDependencies) = postProject
		{50D77F1F-64C5-4647-A83F-CDEA46776961} = {50D77F1F-64C5-4647-A83F-CDEA46776961}
		{8E872EA6-31C6-4B55-A07F-FFC68AA90263} = {8E872EA6-31C6-4B55-A07F-FFC68AA90263}
		{04E1F3C0-DE76-4B24-9AC7-B39514A8884F} = {04E1F3C0-DE76-4B24-9AC7-B39514A8884F}
		{0FD117DB-0188-4CB1-B965-3D88FA332161} = {0FD117DB-0188-4CB1-B965-3D88FA332161}
		{2E8E45DC-964E-4FAB-AFEC-C51E48893BED} = {2E8E45DC-964E-4FAB-AFEC-C51E48893BED}
		{E965D6F3-6BCD-4C1A-8001-3ED7F2D023B1} = {E965D6F3-6BCD-4C1A-8001-3ED7F2D023B1}
	EndProjectSection
EndProject
Project("{8BC9CEB8-8B4A-11D0-8D11-00A0C91BC942}") = "AVite", "ATKApps\avite\AVite.vcproj", "{E224E45E-12C2-4532-A87B-FCFD292D1842}"
	ProjectSection(ProjectDependencies) = postProject
		{0FD117DB-0188-4CB1-B965-3D88FA332161} = {0FD117DB-0188-4CB1-B965-3D88FA332161}
		{2E8E45DC-964E-4FAB-AFEC-C51E48893BED} = {2E8E45DC-964E-4FAB-AFEC-C51E48893BED}
	EndProjectSection
EndProject
Project("{8BC9CEB8-8B4A-11D0-8D11-00A0C91BC942}") = "ssds", "ATKApps\ssds\ssds.vcproj", "{FD5175D9-ACD6-4C86-94C5-8F577EC4ECDB}"
	ProjectSection(ProjectDependencies) = postProject
		{0FD117DB-0188-4CB1-B965-3D88FA332161} = {0FD117DB-0188-4CB1-B965-3D88FA332161}
		{2E8E45DC-964E-4FAB-AFEC-C51E48893BED} = {2E8E45DC-964E-4FAB-AFEC-C51E48893BED}
	EndProjectSection
EndProject
Project("{8BC9CEB8-8B4A-11D0-8D11-00A0C91BC942}") = "SFliteTest", "SYNLib\SFliteTest\SFliteTest.vcproj", "{F5068917-F5B0-4B81-9EB3-69969325ACCF}"
	ProjectSection(ProjectDependencies) = postProject
		{50D77F1F-64C5-4647-A83F-CDEA46776961} = {50D77F1F-64C5-4647-A83F-CDEA46776961}
		{8E872EA6-31C6-4B55-A07F-FFC68AA90263} = {8E872EA6-31C6-4B55-A07F-FFC68AA90263}
		{04E1F3C0-DE76-4B24-9AC7-B39514A8884F} = {04E1F3C0-DE76-4B24-9AC7-B39514A8884F}
		{0FD117DB-0188-4CB1-B965-3D88FA332161} = {0FD117DB-0188-4CB1-B965-3D88FA332161}
		{2E8E45DC-964E-4FAB-AFEC-C51E48893BED} = {2E8E45DC-964E-4FAB-AFEC-C51E48893BED}
		{E965D6F3-6BCD-4C1A-8001-3ED7F2D023B1} = {E965D6F3-6BCD-4C1A-8001-3ED7F2D023B1}
	EndProjectSection
EndProject
Project("{2150E333-8FDC-42A3-9474-1A3956D46DE8}") = "Solution Items", "Solution Items", "{325B030A-9B3C-4769-800F-57EC76777D43}"
	ProjectSection(SolutionItems) = preProject
		License.txt = License.txt
		Readme.txt = Readme.txt
	EndProjectSection
EndProject
Project("{8BC9CEB8-8B4A-11D0-8D11-00A0C91BC942}") = "asds", "ATKApps\asds\asds.vcproj", "{EC797F01-2B5F-4559-98E6-BEEA76C8C45F}"
	ProjectSection(ProjectDependencies) = postProject
		{50D77F1F-64C5-4647-A83F-CDEA46776961} = {50D77F1F-64C5-4647-A83F-CDEA46776961}
		{8E872EA6-31C6-4B55-A07F-FFC68AA90263} = {8E872EA6-31C6-4B55-A07F-FFC68AA90263}
		{04E1F3C0-DE76-4B24-9AC7-B39514A8884F} = {04E1F3C0-DE76-4B24-9AC7-B39514A8884F}
		{0FD117DB-0188-4CB1-B965-3D88FA332161} = {0FD117DB-0188-4CB1-B965-3D88FA332161}
		{2E8E45DC-964E-4FAB-AFEC-C51E48893BED} = {2E8E45DC-964E-4FAB-AFEC-C51E48893BED}
		{E965D6F3-6BCD-4C1A-8001-3ED7F2D023B1} = {E965D6F3-6BCD-4C1A-8001-3ED7F2D023B1}
	EndProjectSection
EndProject
Global
	GlobalSection(SolutionConfigurationPlatforms) = preSolution
		Debug|Win32 = Debug|Win32
		Release|Win32 = Release|Win32
	EndGlobalSection
	GlobalSection(ProjectConfigurationPlatforms) = postSolution
		{2E8E45DC-964E-4FAB-AFEC-C51E48893BED}.Debug|Win32.ActiveCfg = Debug|Win32
		{2E8E45DC-964E-4FAB-AFEC-C51E48893BED}.Debug|Win32.Build.0 = Debug|Win32
		{2E8E45DC-964E-4FAB-AFEC-C51E48893BED}.Release|Win32.ActiveCfg = Release|Win32
		{2E8E45DC-964E-4FAB-AFEC-C51E48893BED}.Release|Win32.Build.0 = Release|Win32
		{EBDBB797-1F7D-4779-9569-6E0EB6A5D285}.Debug|Win32.ActiveCfg = Debug|Win32
		{EBDBB797-1F7D-4779-9569-6E0EB6A5D285}.Debug|Win32.Build.0 = Debug|Win32
		{EBDBB797-1F7D-4779-9569-6E0EB6A5D285}.Release|Win32.ActiveCfg = Release|Win32
		{EBDBB797-1F7D-4779-9569-6E0EB6A5D285}.Release|Win32.Build.0 = Release|Win32
		{A5354E71-83D9-45A3-BB40-6D826B7D8AD0}.Debug|Win32.ActiveCfg = Debug|Win32
		{A5354E71-83D9-45A3-BB40-6D826B7D8AD0}.Debug|Win32.Build.0 = Debug|Win32
		{A5354E71-83D9-45A3-BB40-6D826B7D8AD0}.Release|Win32.ActiveCfg = Release|Win32
		{A5354E71-83D9-45A3-BB40-6D826B7D8AD0}.Release|Win32.Build.0 = Release|Win32
		{1EB2398E-AB2C-46CF-9239-66FE199DE5BF}.Debug|Win32.ActiveCfg = Debug|Win32
		{1EB2398E-AB2C-46CF-9239-66FE199DE5BF}.Debug|Win32.Build.0 = Debug|Win32
		{1EB2398E-AB2C-46CF-9239-66FE199DE5BF}.Release|Win32.ActiveCfg = Release|Win32
		{1EB2398E-AB2C-46CF-9239-66FE199DE5BF}.Release|Win32.Build.0 = Release|Win32
		{E43F2831-9A83-4D7D-AD4D-E66102D30DF7}.Debug|Win32.ActiveCfg = Debug|Win32
		{E43F2831-9A83-4D7D-AD4D-E66102D30DF7}.Debug|Win32.Build.0 = Debug|Win32
		{E43F2831-9A83-4D7D-AD4D-E66102D30DF7}.Release|Win32.ActiveCfg = Release|Win32
		{E43F2831-9A83-4D7D-AD4D-E66102D30DF7}.Release|Win32.Build.0 = Release|Win32
		{0FD117DB-0188-4CB1-B965-3D88FA332161}.Debug|Win32.ActiveCfg = Debug|Win32
		{0FD117DB-0188-4CB1-B965-3D88FA332161}.Debug|Win32.Build.0 = Debug|Win32
		{0FD117DB-0188-4CB1-B965-3D88FA332161}.Release|Win32.ActiveCfg = Release|Win32
		{0FD117DB-0188-4CB1-B965-3D88FA332161}.Release|Win32.Build.0 = Release|Win32
		{04E1F3C0-DE76-4B24-9AC7-B39514A8884F}.Debug|Win32.ActiveCfg = Debug|Win32
		{04E1F3C0-DE76-4B24-9AC7-B39514A8884F}.Debug|Win32.Build.0 = Debug|Win32
		{04E1F3C0-DE76-4B24-9AC7-B39514A8884F}.Release|Win32.ActiveCfg = Release|Win32
		{04E1F3C0-DE76-4B24-9AC7-B39514A8884F}.Release|Win32.Build.0 = Release|Win32
		{50D77F1F-64C5-4647-A83F-CDEA46776961}.Debug|Win32.ActiveCfg = Debug|Win32
		{50D77F1F-64C5-4647-A83F-CDEA46776961}.Debug|Win32.Build.0 = Debug|Win32
		{50D77F1F-64C5-4647-A83F-CDEA46776961}.Release|Win32.ActiveCfg = Release|Win32
		{50D77F1F-64C5-4647-A83F-CDEA46776961}.Release|Win32.Build.0 = Release|Win32
		{8E872EA6-31C6-4B55-A07F-FFC68AA90263}.Debug|Win32.ActiveCfg = Debug|Win32
		{8E872EA6-31C6-4B55-A07F-FFC68AA90263}.Debug|Win32.Build.0 = Debug|Win32
		{8E872EA6-31C6-4B55-A07F-FFC68AA90263}.Release|Win32.ActiveCfg = Release|Win32
		{8E872EA6-31C6-4B55-A07F-FFC68AA90263}.Release|Win32.Build.0 = Release|Win32
		{E965D6F3-6BCD-4C1A-8001-3ED7F2D023B1}.Debug|Win32.ActiveCfg = Debug|Win32
		{E965D6F3-6BCD-4C1A-8001-3ED7F2D023B1}.Debug|Win32.Build.0 = Debug|Win32
		{E965D6F3-6BCD-4C1A-8001-3ED7F2D023B1}.Release|Win32.ActiveCfg = Release|Win32
		{E965D6F3-6BCD-4C1A-8001-3ED7F2D023B1}.Release|Win32.Build.0 = Release|Win32
		{4F4796A4-F62E-48AC-BD72-7DA40A5B0AFF}.Debug|Win32.ActiveCfg = Debug|Win32
		{4F4796A4-F62E-48AC-BD72-7DA40A5B0AFF}.Debug|Win32.Build.0 = Debug|Win32
		{4F4796A4-F62E-48AC-BD72-7DA40A5B0AFF}.Release|Win32.ActiveCfg = Release|Win32
		{4F4796A4-F62E-48AC-BD72-7DA40A5B0AFF}.Release|Win32.Build.0 = Release|Win32
		{C1E7C68A-A2E4-448D-91B4-252D61FCF837}.Debug|Win32.ActiveCfg = Debug|Win32
		{C1E7C68A-A2E4-448D-91B4-252D61FCF837}.Debug|Win32.Build.0 = Debug|Win32
		{C1E7C68A-A2E4-448D-91B4-252D61FCF837}.Release|Win32.ActiveCfg = Release|Win32
		{C1E7C68A-A2E4-448D-91B4-252D61FCF837}.Release|Win32.Build.0 = Release|Win32
		{FF494739-43FF-488D-8D8A-11F362806D9A}.Debug|Win32.ActiveCfg = Debug|Win32
		{FF494739-43FF-488D-8D8A-11F362806D9A}.Debug|Win32.Build.0 = Debug|Win32
		{FF494739-43FF-488D-8D8A-11F362806D9A}.Release|Win32.ActiveCfg = Release|Win32
		{FF494739-43FF-488D-8D8A-11F362806D9A}.Release|Win32.Build.0 = Release|Win32
		{A186B11C-C716-443E-9B43-6DA9B021F872}.Debug|Win32.ActiveCfg = Debug|Win32
		{A186B11C-C716-443E-9B43-6DA9B021F872}.Debug|Win32.Build.0 = Debug|Win32
		{A186B11C-C716-443E-9B43-6DA9B021F872}.Release|Win32.ActiveCfg = Release|Win32
		{A186B11C-C716-443E-9B43-6DA9B021F872}.Release|Win32.Build.0 = Release|Win32
		{B8D21FCC-0BCA-427A-917D-437077ED64C2}.Debug|Win32.ActiveCfg = Debug|Win32
		{B8D21FCC-0BCA-427A-917D-437077ED64C2}.Debug|Win32.Build.0 = Debug|Win32
		{B8D21FCC-0BCA-427A-917D-437077ED64C2}.Release|Win32.ActiveCfg = Release|Win32
		{B8D21FCC-0BCA-427A-917D-437077ED64C2}.Release|Win32.Build.0 = Release|Win32
		{A06FFC0F-28AC-4B52-ABDC-8D909EFC3D73}.Debug|Win32.ActiveCfg = Debug|Win32
		{A06FFC0F-28AC-4B52-ABDC-8D909EFC3D73}.Debug|Win32.Build.0 = Debug|Win32
		{A06FFC0F-28AC-4B52-ABDC-8D909EFC3D73}.Release|Win32.ActiveCfg = Release|Win32
		{A06FFC0F-28AC-4B52-ABDC-8D909EFC3D73}.Release|Win32.Build.0 = Release|Win32
		{E224E45E-12C2-4532-A87B-FCFD292D1842}.Debug|Win32.ActiveCfg = Debug|Win32
		{E224E45E-12C2-4532-A87B-FCFD292D1842}.Debug|Win32.Build.0 = Debug|Win32
		{E224E45E-12C2-4532-A87B-FCFD292D1842}.Release|Win32.ActiveCfg = Release|Win32
		{E224E45E-12C2-4532-A87B-FCFD292D1842}.Release|Win32.Build.0 = Release|Win32
		{FD5175D9-ACD6-4C86-94C5-8F577EC4ECDB}.Debug|Win32.ActiveCfg = Debug|Win32
		{FD5175D9-ACD6-4C86-94C5-8F577EC4ECDB}.Debug|Win32.Build.0 = Debug|Win32
		{FD5175D9-ACD6-4C86-94C5-8F577EC4ECDB}.Release|Win32.ActiveCfg = Release|Win32
		{FD5175D9-ACD6-4C86-94C5-8F577EC4ECDB}.Release|Win32.Build.0 = Release|Win32
		{F5068917-F5B0-4B81-9EB3-69969325ACCF}.Debug|Win32.ActiveCfg = Debug|Win32
		{F5068917-F5B0-4B81-9EB3-69969325ACCF}.Debug|Win32.Build.0 = Debug|Win32
		{F5068917-F5B0-4B81-9EB3-69969325ACCF}.Release|Win32.ActiveCfg = Release|Win32
		{F5068917-F5B0-4B81-9EB3-69969325ACCF}.Release|Win32.Build.0 = Release|Win32
		{EC797F01-2B5F-4559-98E6-BEEA76C8C45F}.Debug|Win32.ActiveCfg = Debug|Win32
		{EC797F01-2B5F-4559-98E6-BEEA76C8C45F}.Debug|Win32.Build.0 = Debug|Win32
		{EC797F01-2B5F-4559-98E6-BEEA76C8C45F}.Release|Win32.ActiveCfg = Release|Win32
		{EC797F01-2B5F-4559-98E6-BEEA76C8C45F}.Release|Win32.Build.0 = Release|Win32
	EndGlobalSection
	GlobalSection(SolutionProperties) = preSolution
		HideSolutionNode = FALSE
	EndGlobalSection
EndGlobal
